
Microsoft Visual Studio Solution File, Format Version 12.00
# Visual Studio Version 16
VisualStudioVersion = 16.0.30204.135
MinimumVisualStudioVersion = 10.0.40219.1
Project("{FAE04EC0-301F-11D3-BF4B-00C04F79EFBC}") = "DevAVXPO", "DevAVXPO\DevAVXPO.csproj", "{BCA9ACDA-D380-413B-9275-F430BF8AD39A}"
EndProject
Project("{2150E333-8FDC-42A3-9474-1A3956D46DE8}") = "DevExtreme NuGet.config", "DevExtreme NuGet.config", "{7F1B98A3-C824-4795-8FDC-BDE9945B6FE8}"
	ProjectSection(SolutionItems) = preProject
		NuGet.config = NuGet.config
	EndProjectSection
EndProject
Global
	GlobalSection(SolutionConfigurationPlatforms) = preSolution
		Debug|Any CPU = Debug|Any CPU
		Release|Any CPU = Release|Any CPU
	EndGlobalSection
	GlobalSection(ProjectConfigurationPlatforms) = postSolution
		{BCA9ACDA-D380-413B-9275-F430BF8AD39A}.Debug|Any CPU.ActiveCfg = Debug|Any CPU
		{BCA9ACDA-D380-413B-9275-F430BF8AD39A}.Debug|Any CPU.Build.0 = Debug|Any CPU
		{BCA9ACDA-D380-413B-9275-F430BF8AD39A}.Release|Any CPU.ActiveCfg = Release|Any CPU
		{BCA9ACDA-D380-413B-9275-F430BF8AD39A}.Release|Any CPU.Build.0 = Release|Any CPU
	EndGlobalSection
	GlobalSection(SolutionProperties) = preSolution
		HideSolutionNode = FALSE
	EndGlobalSection
	GlobalSection(ExtensibilityGlobals) = postSolution
		SolutionGuid = {2EA017D2-33A6-4FB2-89A8-2E32F9C816D2}
	EndGlobalSection
EndGlobal
